// !$*UTF8*$!
{
	archiveVersion = 1;
	classes = {
	};
	objectVersion = 46;
	objects = {

/* Begin PBXBuildFile section */
		261AA54E1F0C47E400B97DBB /* AppDelegate.swift in Sources */ = {isa = PBXBuildFile; fileRef = 261AA54D1F0C47E400B97DBB /* AppDelegate.swift */; };
		261AA5501F0C47E400B97DBB /* ViewController.swift in Sources */ = {isa = PBXBuildFile; fileRef = 261AA54F1F0C47E400B97DBB /* ViewController.swift */; };
		261AA5531F0C47E400B97DBB /* Main.storyboard in Resources */ = {isa = PBXBuildFile; fileRef = 261AA5511F0C47E400B97DBB /* Main.storyboard */; };
		261AA5551F0C47E400B97DBB /* Assets.xcassets in Resources */ = {isa = PBXBuildFile; fileRef = 261AA5541F0C47E400B97DBB /* Assets.xcassets */; };
		261AA5581F0C47E400B97DBB /* LaunchScreen.storyboard in Resources */ = {isa = PBXBuildFile; fileRef = 261AA5561F0C47E400B97DBB /* LaunchScreen.storyboard */; };
		261AA5631F0C47E400B97DBB /* WesterosTests.swift in Sources */ = {isa = PBXBuildFile; fileRef = 261AA5621F0C47E400B97DBB /* WesterosTests.swift */; };
/* End PBXBuildFile section */

/* Begin PBXContainerItemProxy section */
		261AA55F1F0C47E400B97DBB /* PBXContainerItemProxy */ = {
			isa = PBXContainerItemProxy;
			containerPortal = 261AA5421F0C47E400B97DBB /* Project object */;
			proxyType = 1;
			remoteGlobalIDString = 261AA5491F0C47E400B97DBB;
			remoteInfo = Westeros;
		};
/* End PBXContainerItemProxy section */

/* Begin PBXFileReference section */
		261AA54A1F0C47E400B97DBB /* Westeros.app */ = {isa = PBXFileReference; explicitFileType = wrapper.application; includeInIndex = 0; path = Westeros.app; sourceTree = BUILT_PRODUCTS_DIR; };
		261AA54D1F0C47E400B97DBB /* AppDelegate.swift */ = {isa = PBXFileReference; lastKnownFileType = sourcecode.swift; path = AppDelegate.swift; sourceTree = "<group>"; };
		261AA54F1F0C47E400B97DBB /* ViewController.swift */ = {isa = PBXFileReference; lastKnownFileType = sourcecode.swift; path = ViewController.swift; sourceTree = "<group>"; };
		261AA5521F0C47E400B97DBB /* Base */ = {isa = PBXFileReference; lastKnownFileType = file.storyboard; name = Base; path = Base.lproj/Main.storyboard; sourceTree = "<group>"; };
		261AA5541F0C47E400B97DBB /* Assets.xcassets */ = {isa = PBXFileReference; lastKnownFileType = folder.assetcatalog; path = Assets.xcassets; sourceTree = "<group>"; };
		261AA5571F0C47E400B97DBB /* Base */ = {isa = PBXFileReference; lastKnownFileType = file.storyboard; name = Base; path = Base.lproj/LaunchScreen.storyboard; sourceTree = "<group>"; };
		261AA5591F0C47E400B97DBB /* Info.plist */ = {isa = PBXFileReference; lastKnownFileType = text.plist.xml; path = Info.plist; sourceTree = "<group>"; };
		261AA55E1F0C47E400B97DBB /* WesterosTests.xctest */ = {isa = PBXFileReference; explicitFileType = wrapper.cfbundle; includeInIndex = 0; path = WesterosTests.xctest; sourceTree = BUILT_PRODUCTS_DIR; };
		261AA5621F0C47E400B97DBB /* WesterosTests.swift */ = {isa = PBXFileReference; lastKnownFileType = sourcecode.swift; path = WesterosTests.swift; sourceTree = "<group>"; };
		261AA5641F0C47E400B97DBB /* Info.plist */ = {isa = PBXFileReference; lastKnownFileType = text.plist.xml; path = Info.plist; sourceTree = "<group>"; };
/* End PBXFileReference section */

/* Begin PBXFrameworksBuildPhase section */
		261AA5471F0C47E400B97DBB /* Frameworks */ = {
			isa = PBXFrameworksBuildPhase;
			buildActionMask = 2147483647;
			files = (
			);
			runOnlyForDeploymentPostprocessing = 0;
		};
		261AA55B1F0C47E400B97DBB /* Frameworks */ = {
			isa = PBXFrameworksBuildPhase;
			buildActionMask = 2147483647;
			files = (
			);
			runOnlyForDeploymentPostprocessing = 0;
		};
/* End PBXFrameworksBuildPhase section */

/* Begin PBXGroup section */
		261AA5411F0C47E400B97DBB = {
			isa = PBXGroup;
			children = (
				261AA54C1F0C47E400B97DBB /* Westeros */,
				261AA5611F0C47E400B97DBB /* WesterosTests */,
				261AA54B1F0C47E400B97DBB /* Products */,
			);
			sourceTree = "<group>";
		};
		261AA54B1F0C47E400B97DBB /* Products */ = {
			isa = PBXGroup;
			children = (
				261AA54A1F0C47E400B97DBB /* Westeros.app */,
				261AA55E1F0C47E400B97DBB /* WesterosTests.xctest */,
			);
			name = Products;
			sourceTree = "<group>";
		};
		261AA54C1F0C47E400B97DBB /* Westeros */ = {
			isa = PBXGroup;
			children = (
				261AA54D1F0C47E400B97DBB /* AppDelegate.swift */,
				261AA54F1F0C47E400B97DBB /* ViewController.swift */,
				261AA5511F0C47E400B97DBB /* Main.storyboard */,
				261AA5541F0C47E400B97DBB /* Assets.xcassets */,
				261AA5561F0C47E400B97DBB /* LaunchScreen.storyboard */,
				261AA5591F0C47E400B97DBB /* Info.plist */,
			);
			path = Westeros;
			sourceTree = "<group>";
		};
		261AA5611F0C47E400B97DBB /* WesterosTests */ = {
			isa = PBXGroup;
			children = (
				261AA5621F0C47E400B97DBB /* WesterosTests.swift */,
				261AA5641F0C47E400B97DBB /* Info.plist */,
			);
			path = WesterosTests;
			sourceTree = "<group>";
		};
/* End PBXGroup section */

/* Begin PBXNativeTarget section */
		261AA5491F0C47E400B97DBB /* Westeros */ = {
			isa = PBXNativeTarget;
			buildConfigurationList = 261AA5671F0C47E400B97DBB /* Build configuration list for PBXNativeTarget "Westeros" */;
			buildPhases = (
				261AA5461F0C47E400B97DBB /* Sources */,
				261AA5471F0C47E400B97DBB /* Frameworks */,
				261AA5481F0C47E400B97DBB /* Resources */,
			);
			buildRules = (
			);
			dependencies = (
			);
			name = Westeros;
			productName = Westeros;
			productReference = 261AA54A1F0C47E400B97DBB /* Westeros.app */;
			productType = "com.apple.product-type.application";
		};
		261AA55D1F0C47E400B97DBB /* WesterosTests */ = {
			isa = PBXNativeTarget;
			buildConfigurationList = 261AA56A1F0C47E400B97DBB /* Build configuration list for PBXNativeTarget "WesterosTests" */;
			buildPhases = (
				261AA55A1F0C47E400B97DBB /* Sources */,
				261AA55B1F0C47E400B97DBB /* Frameworks */,
				261AA55C1F0C47E400B97DBB /* Resources */,
			);
			buildRules = (
			);
			dependencies = (
				261AA5601F0C47E400B97DBB /* PBXTargetDependency */,
			);
			name = WesterosTests;
			productName = WesterosTests;
			productReference = 261AA55E1F0C47E400B97DBB /* WesterosTests.xctest */;
			productType = "com.apple.product-type.bundle.unit-test";
		};
/* End PBXNativeTarget section */

/* Begin PBXProject section */
		261AA5421F0C47E400B97DBB /* Project object */ = {
			isa = PBXProject;
			attributes = {
				LastSwiftUpdateCheck = 0830;
				LastUpgradeCheck = 0830;
				ORGANIZATIONNAME = "Manuel Colmenero Navarro";
				TargetAttributes = {
					261AA5491F0C47E400B97DBB = {
						CreatedOnToolsVersion = 8.3.3;
						ProvisioningStyle = Automatic;
					};
					261AA55D1F0C47E400B97DBB = {
						CreatedOnToolsVersion = 8.3.3;
						ProvisioningStyle = Automatic;
						TestTargetID = 261AA5491F0C47E400B97DBB;
					};
				};
			};
			buildConfigurationList = 261AA5451F0C47E400B97DBB /* Build configuration list for PBXProject "Westeros" */;
			compatibilityVersion = "Xcode 3.2";
			developmentRegion = English;
			hasScannedForEncodings = 0;
			knownRegions = (
				en,
				Base,
			);
			mainGroup = 261AA5411F0C47E400B97DBB;
			productRefGroup = 261AA54B1F0C47E400B97DBB /* Products */;
			projectDirPath = "";
			projectRoot = "";
			targets = (
				261AA5491F0C47E400B97DBB /* Westeros */,
				261AA55D1F0C47E400B97DBB /* WesterosTests */,
			);
		};
/* End PBXProject section */

/* Begin PBXResourcesBuildPhase section */
		261AA5481F0C47E400B97DBB /* Resources */ = {
			isa = PBXResourcesBuildPhase;
			buildActionMask = 2147483647;
			files = (
				261AA5581F0C47E400B97DBB /* LaunchScreen.storyboard in Resources */,
				261AA5551F0C47E400B97DBB /* Assets.xcassets in Resources */,
				261AA5531F0C47E400B97DBB /* Main.storyboard in Resources */,
			);
			runOnlyForDeploymentPostprocessing = 0;
		};
		261AA55C1F0C47E400B97DBB /* Resources */ = {
			isa = PBXResourcesBuildPhase;
			buildActionMask = 2147483647;
			files = (
			);
			runOnlyForDeploymentPostprocessing = 0;
		};
/* End PBXResourcesBuildPhase section */

/* Begin PBXSourcesBuildPhase section */
		261AA5461F0C47E400B97DBB /* Sources */ = {
			isa = PBXSourcesBuildPhase;
			buildActionMask = 2147483647;
			files = (
				261AA5501F0C47E400B97DBB /* ViewController.swift in Sources */,
				261AA54E1F0C47E400B97DBB /* AppDelegate.swift in Sources */,
			);
			runOnlyForDeploymentPostprocessing = 0;
		};
		261AA55A1F0C47E400B97DBB /* Sources */ = {
			isa = PBXSourcesBuildPhase;
			buildActionMask = 2147483647;
			files = (
				261AA5631F0C47E400B97DBB /* WesterosTests.swift in Sources */,
			);
			runOnlyForDeploymentPostprocessing = 0;
		};
/* End PBXSourcesBuildPhase section */

/* Begin PBXTargetDependency section */
		261AA5601F0C47E400B97DBB /* PBXTargetDependency */ = {
			isa = PBXTargetDependency;
			target = 261AA5491F0C47E400B97DBB /* Westeros */;
			targetProxy = 261AA55F1F0C47E400B97DBB /* PBXContainerItemProxy */;
		};
/* End PBXTargetDependency section */

/* Begin PBXVariantGroup section */
		261AA5511F0C47E400B97DBB /* Main.storyboard */ = {
			isa = PBXVariantGroup;
			children = (
				261AA5521F0C47E400B97DBB /* Base */,
			);
			name = Main.storyboard;
			sourceTree = "<group>";
		};
		261AA5561F0C47E400B97DBB /* LaunchScreen.storyboard */ = {
			isa = PBXVariantGroup;
			children = (
				261AA5571F0C47E400B97DBB /* Base */,
			);
			name = LaunchScreen.storyboard;
			sourceTree = "<group>";
		};
/* End PBXVariantGroup section */

/* Begin XCBuildConfiguration section */
		261AA5651F0C47E400B97DBB /* Debug */ = {
			isa = XCBuildConfiguration;
			buildSettings = {
				ALWAYS_SEARCH_USER_PATHS = NO;
				CLANG_ANALYZER_NONNULL = YES;
				CLANG_ANALYZER_NUMBER_OBJECT_CONVERSION = YES_AGGRESSIVE;
				CLANG_CXX_LANGUAGE_STANDARD = "gnu++0x";
				CLANG_CXX_LIBRARY = "libc++";
				CLANG_ENABLE_MODULES = YES;
				CLANG_ENABLE_OBJC_ARC = YES;
				CLANG_WARN_BOOL_CONVERSION = YES;
				CLANG_WARN_CONSTANT_CONVERSION = YES;
				CLANG_WARN_DIRECT_OBJC_ISA_USAGE = YES_ERROR;
				CLANG_WARN_DOCUMENTATION_COMMENTS = YES;
				CLANG_WARN_EMPTY_BODY = YES;
				CLANG_WARN_ENUM_CONVERSION = YES;
				CLANG_WARN_INFINITE_RECURSION = YES;
				CLANG_WARN_INT_CONVERSION = YES;
				CLANG_WARN_OBJC_ROOT_CLASS = YES_ERROR;
				CLANG_WARN_SUSPICIOUS_MOVE = YES;
				CLANG_WARN_UNREACHABLE_CODE = YES;
				CLANG_WARN__DUPLICATE_METHOD_MATCH = YES;
				"CODE_SIGN_IDENTITY[sdk=iphoneos*]" = "iPhone Developer";
				COPY_PHASE_STRIP = NO;
				DEBUG_INFORMATION_FORMAT = dwarf;
				ENABLE_STRICT_OBJC_MSGSEND = YES;
				ENABLE_TESTABILITY = YES;
				GCC_C_LANGUAGE_STANDARD = gnu99;
				GCC_DYNAMIC_NO_PIC = NO;
				GCC_NO_COMMON_BLOCKS = YES;
				GCC_OPTIMIZATION_LEVEL = 0;
				GCC_PREPROCESSOR_DEFINITIONS = (
					"DEBUG=1",
					"$(inherited)",
				);
				GCC_WARN_64_TO_32_BIT_CONVERSION = YES;
				GCC_WARN_ABOUT_RETURN_TYPE = YES_ERROR;
				GCC_WARN_UNDECLARED_SELECTOR = YES;
				GCC_WARN_UNINITIALIZED_AUTOS = YES_AGGRESSIVE;
				GCC_WARN_UNUSED_FUNCTION = YES;
				GCC_WARN_UNUSED_VARIABLE = YES;
				IPHONEOS_DEPLOYMENT_TARGET = 10.3;
				MTL_ENABLE_DEBUG_INFO = YES;
				ONLY_ACTIVE_ARCH = YES;
				SDKROOT = iphoneos;
				SWIFT_ACTIVE_COMPILATION_CONDITIONS = DEBUG;
				SWIFT_OPTIMIZATION_LEVEL = "-Onone";
				TARGETED_DEVICE_FAMILY = "1,2";
			};
			name = Debug;
		};
		261AA5661F0C47E400B97DBB /* Release */ = {
			isa = XCBuildConfiguration;
			buildSettings = {
				ALWAYS_SEARCH_USER_PATHS = NO;
				CLANG_ANALYZER_NONNULL = YES;
				CLANG_ANALYZER_NUMBER_OBJECT_CONVERSION = YES_AGGRESSIVE;
				CLANG_CXX_LANGUAGE_STANDARD = "gnu++0x";
				CLANG_CXX_LIBRARY = "libc++";
				CLANG_ENABLE_MODULES = YES;
				CLANG_ENABLE_OBJC_ARC = YES;
				CLANG_WARN_BOOL_CONVERSION = YES;
				CLANG_WARN_CONSTANT_CONVERSION = YES;
				CLANG_WARN_DIRECT_OBJC_ISA_USAGE = YES_ERROR;
				CLANG_WARN_DOCUMENTATION_COMMENTS = YES;
				CLANG_WARN_EMPTY_BODY = YES;
				CLANG_WARN_ENUM_CONVERSION = YES;
				CLANG_WARN_INFINITE_RECURSION = YES;
				CLANG_WARN_INT_CONVERSION = YES;
				CLANG_WARN_OBJC_ROOT_CLASS = YES_ERROR;
				CLANG_WARN_SUSPICIOUS_MOVE = YES;
				CLANG_WARN_UNREACHABLE_CODE = YES;
				CLANG_WARN__DUPLICATE_METHOD_MATCH = YES;
				"CODE_SIGN_IDENTITY[sdk=iphoneos*]" = "iPhone Developer";
				COPY_PHASE_STRIP = NO;
				DEBUG_INFORMATION_FORMAT = "dwarf-with-dsym";
				ENABLE_NS_ASSERTIONS = NO;
				ENABLE_STRICT_OBJC_MSGSEND = YES;
				GCC_C_LANGUAGE_STANDARD = gnu99;
				GCC_NO_COMMON_BLOCKS = YES;
				GCC_WARN_64_TO_32_BIT_CONVERSION = YES;
				GCC_WARN_ABOUT_RETURN_TYPE = YES_ERROR;
				GCC_WARN_UNDECLARED_SELECTOR = YES;
				GCC_WARN_UNINITIALIZED_AUTOS = YES_AGGRESSIVE;
				GCC_WARN_UNUSED_FUNCTION = YES;
				GCC_WARN_UNUSED_VARIABLE = YES;
				IPHONEOS_DEPLOYMENT_TARGET = 10.3;
				MTL_ENABLE_DEBUG_INFO = NO;
				SDKROOT = iphoneos;
				SWIFT_OPTIMIZATION_LEVEL = "-Owholemodule";
				TARGETED_DEVICE_FAMILY = "1,2";
				VALIDATE_PRODUCT = YES;
			};
			name = Release;
		};
		261AA5681F0C47E400B97DBB /* Debug */ = {
			isa = XCBuildConfiguration;
			buildSettings = {
				ASSETCATALOG_COMPILER_APPICON_NAME = AppIcon;
				INFOPLIST_FILE = Westeros/Info.plist;
				LD_RUNPATH_SEARCH_PATHS = "$(inherited) @executable_path/Frameworks";
				PRODUCT_BUNDLE_IDENTIFIER = mclasha.Westeros;
				PRODUCT_NAME = "$(TARGET_NAME)";
				SWIFT_VERSION = 3.0;
			};
			name = Debug;
		};
		261AA5691F0C47E400B97DBB /* Release */ = {
			isa = XCBuildConfiguration;
			buildSettings = {
				ASSETCATALOG_COMPILER_APPICON_NAME = AppIcon;
				INFOPLIST_FILE = Westeros/Info.plist;
				LD_RUNPATH_SEARCH_PATHS = "$(inherited) @executable_path/Frameworks";
				PRODUCT_BUNDLE_IDENTIFIER = mclasha.Westeros;
				PRODUCT_NAME = "$(TARGET_NAME)";
				SWIFT_VERSION = 3.0;
			};
			name = Release;
		};
		261AA56B1F0C47E400B97DBB /* Debug */ = {
			isa = XCBuildConfiguration;
			buildSettings = {
				ALWAYS_EMBED_SWIFT_STANDARD_LIBRARIES = YES;
				BUNDLE_LOADER = "$(TEST_HOST)";
				INFOPLIST_FILE = WesterosTests/Info.plist;
				LD_RUNPATH_SEARCH_PATHS = "$(inherited) @executable_path/Frameworks @loader_path/Frameworks";
				PRODUCT_BUNDLE_IDENTIFIER = mclasha.WesterosTests;
				PRODUCT_NAME = "$(TARGET_NAME)";
				SWIFT_VERSION = 3.0;
				TEST_HOST = "$(BUILT_PRODUCTS_DIR)/Westeros.app/Westeros";
			};
			name = Debug;
		};
		261AA56C1F0C47E400B97DBB /* Release */ = {
			isa = XCBuildConfiguration;
			buildSettings = {
				ALWAYS_EMBED_SWIFT_STANDARD_LIBRARIES = YES;
				BUNDLE_LOADER = "$(TEST_HOST)";
				INFOPLIST_FILE = WesterosTests/Info.plist;
				LD_RUNPATH_SEARCH_PATHS = "$(inherited) @executable_path/Frameworks @loader_path/Frameworks";
				PRODUCT_BUNDLE_IDENTIFIER = mclasha.WesterosTests;
				PRODUCT_NAME = "$(TARGET_NAME)";
				SWIFT_VERSION = 3.0;
				TEST_HOST = "$(BUILT_PRODUCTS_DIR)/Westeros.app/Westeros";
			};
			name = Release;
		};
/* End XCBuildConfiguration section */

/* Begin XCConfigurationList section */
		261AA5451F0C47E400B97DBB /* Build configuration list for PBXProject "Westeros" */ = {
			isa = XCConfigurationList;
			buildConfigurations = (
				261AA5651F0C47E400B97DBB /* Debug */,
				261AA5661F0C47E400B97DBB /* Release */,
			);
			defaultConfigurationIsVisible = 0;
			defaultConfigurationName = Release;
		};
		261AA5671F0C47E400B97DBB /* Build configuration list for PBXNativeTarget "Westeros" */ = {
			isa = XCConfigurationList;
			buildConfigurations = (
				261AA5681F0C47E400B97DBB /* Debug */,
				261AA5691F0C47E400B97DBB /* Release */,
			);
			defaultConfigurationIsVisible = 0;
		};
		261AA56A1F0C47E400B97DBB /* Build configuration list for PBXNativeTarget "WesterosTests" */ = {
			isa = XCConfigurationList;
			buildConfigurations = (
				261AA56B1F0C47E400B97DBB /* Debug */,
				261AA56C1F0C47E400B97DBB /* Release */,
			);
			defaultConfigurationIsVisible = 0;
		};
/* End XCConfigurationList section */
	};
	rootObject = 261AA5421F0C47E400B97DBB /* Project object */;
}
