// !$*UTF8*$!
{
	archiveVersion = 1;
	classes = {
	};
	objectVersion = 46;
	objects = {

/* Begin PBXBuildFile section */
		261AA54E1F0C47E400B97DBB /* AppDelegate.swift in Sources */ = {isa = PBXBuildFile; fileRef = 261AA54D1F0C47E400B97DBB /* AppDelegate.swift */; };
		261AA5551F0C47E400B97DBB /* Assets.xcassets in Resources */ = {isa = PBXBuildFile; fileRef = 261AA5541F0C47E400B97DBB /* Assets.xcassets */; };
		261AA5581F0C47E400B97DBB /* LaunchScreen.storyboard in Resources */ = {isa = PBXBuildFile; fileRef = 261AA5561F0C47E400B97DBB /* LaunchScreen.storyboard */; };
		262E732B1F0EC0F900262208 /* HouseTest.swift in Sources */ = {isa = PBXBuildFile; fileRef = 262E732A1F0EC0F900262208 /* HouseTest.swift */; };
		262E732D1F0EC23900262208 /* House.swift in Sources */ = {isa = PBXBuildFile; fileRef = 262E732C1F0EC23900262208 /* House.swift */; };
		262E73311F0EC87700262208 /* codeIsComing.png in Resources */ = {isa = PBXBuildFile; fileRef = 262E732F1F0EC87700262208 /* codeIsComing.png */; };
		262E73321F0EC87700262208 /* lannister.jpg in Resources */ = {isa = PBXBuildFile; fileRef = 262E73301F0EC87700262208 /* lannister.jpg */; };
		262E73351F0ECAB200262208 /* PersonTest.swift in Sources */ = {isa = PBXBuildFile; fileRef = 262E73341F0ECAB200262208 /* PersonTest.swift */; };
		262E73371F0ECD5600262208 /* Person.swift in Sources */ = {isa = PBXBuildFile; fileRef = 262E73361F0ECD5600262208 /* Person.swift */; };
		266676851F155DA500AC615B /* UIKitExtensions.swift in Sources */ = {isa = PBXBuildFile; fileRef = 266676841F155DA500AC615B /* UIKitExtensions.swift */; };
		266676871F15608600AC615B /* RepositoryTest.swift in Sources */ = {isa = PBXBuildFile; fileRef = 266676861F15608600AC615B /* RepositoryTest.swift */; };
		2676AAB61F10D6AD00AEAB18 /* mormotSigil.png in Resources */ = {isa = PBXBuildFile; fileRef = 2676AAB51F10D6AD00AEAB18 /* mormotSigil.png */; };
		26832F5A1F14128F00CB7CEF /* HouseViewController.swift in Sources */ = {isa = PBXBuildFile; fileRef = 26832F581F14128F00CB7CEF /* HouseViewController.swift */; };
		26832F5B1F14128F00CB7CEF /* HouseViewController.xib in Resources */ = {isa = PBXBuildFile; fileRef = 26832F591F14128F00CB7CEF /* HouseViewController.xib */; };
		268AB0E41F1E70490017F1A2 /* MembersViewController.swift in Sources */ = {isa = PBXBuildFile; fileRef = 268AB0E21F1E70490017F1A2 /* MembersViewController.swift */; };
		268AB0E51F1E70490017F1A2 /* MembersViewController.xib in Resources */ = {isa = PBXBuildFile; fileRef = 268AB0E31F1E70490017F1A2 /* MembersViewController.xib */; };
		268AB0E81F1E730E0017F1A2 /* MinorHousesViewController.swift in Sources */ = {isa = PBXBuildFile; fileRef = 268AB0E61F1E730E0017F1A2 /* MinorHousesViewController.swift */; };
		268AB0E91F1E730E0017F1A2 /* MinorHousesViewController.xib in Resources */ = {isa = PBXBuildFile; fileRef = 268AB0E71F1E730E0017F1A2 /* MinorHousesViewController.xib */; };
		268F39AB1F17DD8F00F50F66 /* greyjoySigil.png in Resources */ = {isa = PBXBuildFile; fileRef = 268F39AA1F17DD8F00F50F66 /* greyjoySigil.png */; };
		268F39AD1F17DDB100F50F66 /* Repository.swift in Sources */ = {isa = PBXBuildFile; fileRef = 268F39AC1F17DDB100F50F66 /* Repository.swift */; };
		268F39B01F17DE1000F50F66 /* tyrellSigil.png in Resources */ = {isa = PBXBuildFile; fileRef = 268F39AE1F17DE1000F50F66 /* tyrellSigil.png */; };
		268F39B11F17DE1000F50F66 /* targaryenSigil.png in Resources */ = {isa = PBXBuildFile; fileRef = 268F39AF1F17DE1000F50F66 /* targaryenSigil.png */; };
		26A404F41F1E99E200BEE379 /* ArrayDataSource.swift in Sources */ = {isa = PBXBuildFile; fileRef = 26A404F31F1E99E200BEE379 /* ArrayDataSource.swift */; };
		26A404F61F1E9EE200BEE379 /* ArrayDataSourceTest.swift in Sources */ = {isa = PBXBuildFile; fileRef = 26A404F51F1E9EE200BEE379 /* ArrayDataSourceTest.swift */; };
		26A404F81F1EA99700BEE379 /* ArrayTableViewController.swift in Sources */ = {isa = PBXBuildFile; fileRef = 26A404F71F1EA99700BEE379 /* ArrayTableViewController.swift */; };
		26A404FC1F1EAB7400BEE379 /* DataSources.swift in Sources */ = {isa = PBXBuildFile; fileRef = 26A404FB1F1EAB7400BEE379 /* DataSources.swift */; };
		26A404FE1F1EB02200BEE379 /* ArrayTableViewDelegate.swift in Sources */ = {isa = PBXBuildFile; fileRef = 26A404FD1F1EB02200BEE379 /* ArrayTableViewDelegate.swift */; };
		26A405021F1EB12000BEE379 /* Delegates.swift in Sources */ = {isa = PBXBuildFile; fileRef = 26A405011F1EB12000BEE379 /* Delegates.swift */; };
		26DE6DE51F1D4A2300A10897 /* WikiViewController.swift in Sources */ = {isa = PBXBuildFile; fileRef = 26DE6DE31F1D4A2300A10897 /* WikiViewController.swift */; };
		26DE6DE61F1D4A2300A10897 /* WikiViewController.xib in Resources */ = {isa = PBXBuildFile; fileRef = 26DE6DE41F1D4A2300A10897 /* WikiViewController.xib */; };
		26DE6DED1F1D666F00A10897 /* HousesViewController.swift in Sources */ = {isa = PBXBuildFile; fileRef = 26DE6DEB1F1D666F00A10897 /* HousesViewController.swift */; };
		26DE6DEE1F1D666F00A10897 /* HousesViewController.xib in Resources */ = {isa = PBXBuildFile; fileRef = 26DE6DEC1F1D666F00A10897 /* HousesViewController.xib */; };
/* End PBXBuildFile section */

/* Begin PBXContainerItemProxy section */
		261AA55F1F0C47E400B97DBB /* PBXContainerItemProxy */ = {
			isa = PBXContainerItemProxy;
			containerPortal = 261AA5421F0C47E400B97DBB /* Project object */;
			proxyType = 1;
			remoteGlobalIDString = 261AA5491F0C47E400B97DBB;
			remoteInfo = Westeros;
		};
/* End PBXContainerItemProxy section */

/* Begin PBXFileReference section */
		261AA54A1F0C47E400B97DBB /* Westeros.app */ = {isa = PBXFileReference; explicitFileType = wrapper.application; includeInIndex = 0; path = Westeros.app; sourceTree = BUILT_PRODUCTS_DIR; };
		261AA54D1F0C47E400B97DBB /* AppDelegate.swift */ = {isa = PBXFileReference; lastKnownFileType = sourcecode.swift; path = AppDelegate.swift; sourceTree = "<group>"; };
		261AA5541F0C47E400B97DBB /* Assets.xcassets */ = {isa = PBXFileReference; lastKnownFileType = folder.assetcatalog; path = Assets.xcassets; sourceTree = "<group>"; };
		261AA5571F0C47E400B97DBB /* Base */ = {isa = PBXFileReference; lastKnownFileType = file.storyboard; name = Base; path = Base.lproj/LaunchScreen.storyboard; sourceTree = "<group>"; };
		261AA5591F0C47E400B97DBB /* Info.plist */ = {isa = PBXFileReference; lastKnownFileType = text.plist.xml; path = Info.plist; sourceTree = "<group>"; };
		261AA55E1F0C47E400B97DBB /* WesterosTests.xctest */ = {isa = PBXFileReference; explicitFileType = wrapper.cfbundle; includeInIndex = 0; path = WesterosTests.xctest; sourceTree = BUILT_PRODUCTS_DIR; };
		261AA5641F0C47E400B97DBB /* Info.plist */ = {isa = PBXFileReference; lastKnownFileType = text.plist.xml; path = Info.plist; sourceTree = "<group>"; };
		262E732A1F0EC0F900262208 /* HouseTest.swift */ = {isa = PBXFileReference; fileEncoding = 4; lastKnownFileType = sourcecode.swift; name = HouseTest.swift; path = ../HouseTest.swift; sourceTree = "<group>"; };
		262E732C1F0EC23900262208 /* House.swift */ = {isa = PBXFileReference; fileEncoding = 4; lastKnownFileType = sourcecode.swift; path = House.swift; sourceTree = "<group>"; };
		262E732F1F0EC87700262208 /* codeIsComing.png */ = {isa = PBXFileReference; lastKnownFileType = image.png; path = codeIsComing.png; sourceTree = "<group>"; };
		262E73301F0EC87700262208 /* lannister.jpg */ = {isa = PBXFileReference; lastKnownFileType = image.jpeg; path = lannister.jpg; sourceTree = "<group>"; };
		262E73341F0ECAB200262208 /* PersonTest.swift */ = {isa = PBXFileReference; fileEncoding = 4; lastKnownFileType = sourcecode.swift; path = PersonTest.swift; sourceTree = "<group>"; };
		262E73361F0ECD5600262208 /* Person.swift */ = {isa = PBXFileReference; fileEncoding = 4; lastKnownFileType = sourcecode.swift; path = Person.swift; sourceTree = "<group>"; };
		266676841F155DA500AC615B /* UIKitExtensions.swift */ = {isa = PBXFileReference; fileEncoding = 4; lastKnownFileType = sourcecode.swift; path = UIKitExtensions.swift; sourceTree = "<group>"; };
		266676861F15608600AC615B /* RepositoryTest.swift */ = {isa = PBXFileReference; fileEncoding = 4; lastKnownFileType = sourcecode.swift; path = RepositoryTest.swift; sourceTree = "<group>"; };
		2676AAB51F10D6AD00AEAB18 /* mormotSigil.png */ = {isa = PBXFileReference; lastKnownFileType = image.png; path = mormotSigil.png; sourceTree = "<group>"; };
		26832F581F14128F00CB7CEF /* HouseViewController.swift */ = {isa = PBXFileReference; fileEncoding = 4; lastKnownFileType = sourcecode.swift; path = HouseViewController.swift; sourceTree = "<group>"; };
		26832F591F14128F00CB7CEF /* HouseViewController.xib */ = {isa = PBXFileReference; fileEncoding = 4; lastKnownFileType = file.xib; path = HouseViewController.xib; sourceTree = "<group>"; };
		268AB0E21F1E70490017F1A2 /* MembersViewController.swift */ = {isa = PBXFileReference; fileEncoding = 4; lastKnownFileType = sourcecode.swift; path = MembersViewController.swift; sourceTree = "<group>"; };
		268AB0E31F1E70490017F1A2 /* MembersViewController.xib */ = {isa = PBXFileReference; fileEncoding = 4; lastKnownFileType = file.xib; path = MembersViewController.xib; sourceTree = "<group>"; };
		268AB0E61F1E730E0017F1A2 /* MinorHousesViewController.swift */ = {isa = PBXFileReference; fileEncoding = 4; lastKnownFileType = sourcecode.swift; path = MinorHousesViewController.swift; sourceTree = "<group>"; };
		268AB0E71F1E730E0017F1A2 /* MinorHousesViewController.xib */ = {isa = PBXFileReference; fileEncoding = 4; lastKnownFileType = file.xib; path = MinorHousesViewController.xib; sourceTree = "<group>"; };
		268F39AA1F17DD8F00F50F66 /* greyjoySigil.png */ = {isa = PBXFileReference; lastKnownFileType = image.png; path = greyjoySigil.png; sourceTree = "<group>"; };
		268F39AC1F17DDB100F50F66 /* Repository.swift */ = {isa = PBXFileReference; fileEncoding = 4; lastKnownFileType = sourcecode.swift; path = Repository.swift; sourceTree = "<group>"; };
		268F39AE1F17DE1000F50F66 /* tyrellSigil.png */ = {isa = PBXFileReference; lastKnownFileType = image.png; path = tyrellSigil.png; sourceTree = "<group>"; };
		268F39AF1F17DE1000F50F66 /* targaryenSigil.png */ = {isa = PBXFileReference; lastKnownFileType = image.png; path = targaryenSigil.png; sourceTree = "<group>"; };
		26A404F31F1E99E200BEE379 /* ArrayDataSource.swift */ = {isa = PBXFileReference; fileEncoding = 4; lastKnownFileType = sourcecode.swift; path = ArrayDataSource.swift; sourceTree = "<group>"; };
		26A404F51F1E9EE200BEE379 /* ArrayDataSourceTest.swift */ = {isa = PBXFileReference; fileEncoding = 4; lastKnownFileType = sourcecode.swift; path = ArrayDataSourceTest.swift; sourceTree = "<group>"; };
		26A404F71F1EA99700BEE379 /* ArrayTableViewController.swift */ = {isa = PBXFileReference; fileEncoding = 4; lastKnownFileType = sourcecode.swift; path = ArrayTableViewController.swift; sourceTree = "<group>"; };
		26A404FB1F1EAB7400BEE379 /* DataSources.swift */ = {isa = PBXFileReference; fileEncoding = 4; lastKnownFileType = sourcecode.swift; path = DataSources.swift; sourceTree = "<group>"; };
		26A404FD1F1EB02200BEE379 /* ArrayTableViewDelegate.swift */ = {isa = PBXFileReference; fileEncoding = 4; lastKnownFileType = sourcecode.swift; path = ArrayTableViewDelegate.swift; sourceTree = "<group>"; };
		26A405011F1EB12000BEE379 /* Delegates.swift */ = {isa = PBXFileReference; fileEncoding = 4; lastKnownFileType = sourcecode.swift; path = Delegates.swift; sourceTree = "<group>"; };
		26DE6DE31F1D4A2300A10897 /* WikiViewController.swift */ = {isa = PBXFileReference; fileEncoding = 4; lastKnownFileType = sourcecode.swift; path = WikiViewController.swift; sourceTree = "<group>"; };
		26DE6DE41F1D4A2300A10897 /* WikiViewController.xib */ = {isa = PBXFileReference; fileEncoding = 4; lastKnownFileType = file.xib; path = WikiViewController.xib; sourceTree = "<group>"; };
		26DE6DEB1F1D666F00A10897 /* HousesViewController.swift */ = {isa = PBXFileReference; fileEncoding = 4; lastKnownFileType = sourcecode.swift; path = HousesViewController.swift; sourceTree = "<group>"; };
		26DE6DEC1F1D666F00A10897 /* HousesViewController.xib */ = {isa = PBXFileReference; fileEncoding = 4; lastKnownFileType = file.xib; path = HousesViewController.xib; sourceTree = "<group>"; };
/* End PBXFileReference section */

/* Begin PBXFrameworksBuildPhase section */
		261AA5471F0C47E400B97DBB /* Frameworks */ = {
			isa = PBXFrameworksBuildPhase;
			buildActionMask = 2147483647;
			files = (
			);
			runOnlyForDeploymentPostprocessing = 0;
		};
		261AA55B1F0C47E400B97DBB /* Frameworks */ = {
			isa = PBXFrameworksBuildPhase;
			buildActionMask = 2147483647;
			files = (
			);
			runOnlyForDeploymentPostprocessing = 0;
		};
/* End PBXFrameworksBuildPhase section */

/* Begin PBXGroup section */
		261AA5411F0C47E400B97DBB = {
			isa = PBXGroup;
			children = (
				261AA54C1F0C47E400B97DBB /* Westeros */,
				261AA5611F0C47E400B97DBB /* WesterosTests */,
				261AA54B1F0C47E400B97DBB /* Products */,
			);
			sourceTree = "<group>";
		};
		261AA54B1F0C47E400B97DBB /* Products */ = {
			isa = PBXGroup;
			children = (
				261AA54A1F0C47E400B97DBB /* Westeros.app */,
				261AA55E1F0C47E400B97DBB /* WesterosTests.xctest */,
			);
			name = Products;
			sourceTree = "<group>";
		};
		261AA54C1F0C47E400B97DBB /* Westeros */ = {
			isa = PBXGroup;
			children = (
				266676831F155D8800AC615B /* Cocoa */,
				262E73331F0EC87E00262208 /* Resources */,
				262E732E1F0EC24100262208 /* Models */,
				26832F5C1F14129500CB7CEF /* Controllers */,
				261AA5591F0C47E400B97DBB /* Info.plist */,
				261AA5561F0C47E400B97DBB /* LaunchScreen.storyboard */,
				261AA54D1F0C47E400B97DBB /* AppDelegate.swift */,
				261AA5541F0C47E400B97DBB /* Assets.xcassets */,
			);
			path = Westeros;
			sourceTree = "<group>";
		};
		261AA5611F0C47E400B97DBB /* WesterosTests */ = {
			isa = PBXGroup;
			children = (
				261AA5641F0C47E400B97DBB /* Info.plist */,
				262E732A1F0EC0F900262208 /* HouseTest.swift */,
				262E73341F0ECAB200262208 /* PersonTest.swift */,
				266676861F15608600AC615B /* RepositoryTest.swift */,
				26A404F51F1E9EE200BEE379 /* ArrayDataSourceTest.swift */,
			);
			path = WesterosTests;
			sourceTree = "<group>";
		};
		262E732E1F0EC24100262208 /* Models */ = {
			isa = PBXGroup;
			children = (
				262E732C1F0EC23900262208 /* House.swift */,
				262E73361F0ECD5600262208 /* Person.swift */,
				268F39AC1F17DDB100F50F66 /* Repository.swift */,
			);
			name = Models;
			sourceTree = "<group>";
		};
		262E73331F0EC87E00262208 /* Resources */ = {
			isa = PBXGroup;
			children = (
				262E732F1F0EC87700262208 /* codeIsComing.png */,
				2676AAB51F10D6AD00AEAB18 /* mormotSigil.png */,
				268F39AA1F17DD8F00F50F66 /* greyjoySigil.png */,
				268F39AE1F17DE1000F50F66 /* tyrellSigil.png */,
				268F39AF1F17DE1000F50F66 /* targaryenSigil.png */,
				262E73301F0EC87700262208 /* lannister.jpg */,
			);
			name = Resources;
			sourceTree = "<group>";
		};
		266676831F155D8800AC615B /* Cocoa */ = {
			isa = PBXGroup;
			children = (
				266676841F155DA500AC615B /* UIKitExtensions.swift */,
			);
			name = Cocoa;
			sourceTree = "<group>";
		};
		26832F5C1F14129500CB7CEF /* Controllers */ = {
			isa = PBXGroup;
			children = (
				26A404F91F1EAB4E00BEE379 /* Generics */,
				26832F581F14128F00CB7CEF /* HouseViewController.swift */,
				26832F591F14128F00CB7CEF /* HouseViewController.xib */,
				26DE6DE31F1D4A2300A10897 /* WikiViewController.swift */,
				26DE6DE41F1D4A2300A10897 /* WikiViewController.xib */,
				26DE6DEB1F1D666F00A10897 /* HousesViewController.swift */,
				26DE6DEC1F1D666F00A10897 /* HousesViewController.xib */,
				268AB0E21F1E70490017F1A2 /* MembersViewController.swift */,
				268AB0E31F1E70490017F1A2 /* MembersViewController.xib */,
				268AB0E61F1E730E0017F1A2 /* MinorHousesViewController.swift */,
				268AB0E71F1E730E0017F1A2 /* MinorHousesViewController.xib */,
			);
			name = Controllers;
			sourceTree = "<group>";
		};
		26A404F91F1EAB4E00BEE379 /* Generics */ = {
			isa = PBXGroup;
			children = (
				26A405001F1EB0EF00BEE379 /* Delegates */,
				26A404FF1F1EB0DF00BEE379 /* DataSource */,
				26A404F31F1E99E200BEE379 /* ArrayDataSource.swift */,
				26A404F71F1EA99700BEE379 /* ArrayTableViewController.swift */,
				26A404FD1F1EB02200BEE379 /* ArrayTableViewDelegate.swift */,
			);
			name = Generics;
			sourceTree = "<group>";
		};
		26A404FF1F1EB0DF00BEE379 /* DataSource */ = {
			isa = PBXGroup;
			children = (
				26A404FB1F1EAB7400BEE379 /* DataSources.swift */,
			);
			name = DataSource;
			sourceTree = "<group>";
		};
		26A405001F1EB0EF00BEE379 /* Delegates */ = {
			isa = PBXGroup;
			children = (
				26A405011F1EB12000BEE379 /* Delegates.swift */,
			);
			name = Delegates;
			sourceTree = "<group>";
		};
/* End PBXGroup section */

/* Begin PBXNativeTarget section */
		261AA5491F0C47E400B97DBB /* Westeros */ = {
			isa = PBXNativeTarget;
			buildConfigurationList = 261AA5671F0C47E400B97DBB /* Build configuration list for PBXNativeTarget "Westeros" */;
			buildPhases = (
				261AA5461F0C47E400B97DBB /* Sources */,
				261AA5471F0C47E400B97DBB /* Frameworks */,
				261AA5481F0C47E400B97DBB /* Resources */,
			);
			buildRules = (
			);
			dependencies = (
			);
			name = Westeros;
			productName = Westeros;
			productReference = 261AA54A1F0C47E400B97DBB /* Westeros.app */;
			productType = "com.apple.product-type.application";
		};
		261AA55D1F0C47E400B97DBB /* WesterosTests */ = {
			isa = PBXNativeTarget;
			buildConfigurationList = 261AA56A1F0C47E400B97DBB /* Build configuration list for PBXNativeTarget "WesterosTests" */;
			buildPhases = (
				261AA55A1F0C47E400B97DBB /* Sources */,
				261AA55B1F0C47E400B97DBB /* Frameworks */,
				261AA55C1F0C47E400B97DBB /* Resources */,
			);
			buildRules = (
			);
			dependencies = (
				261AA5601F0C47E400B97DBB /* PBXTargetDependency */,
			);
			name = WesterosTests;
			productName = WesterosTests;
			productReference = 261AA55E1F0C47E400B97DBB /* WesterosTests.xctest */;
			productType = "com.apple.product-type.bundle.unit-test";
		};
/* End PBXNativeTarget section */

/* Begin PBXProject section */
		261AA5421F0C47E400B97DBB /* Project object */ = {
			isa = PBXProject;
			attributes = {
				CLASSPREFIX = "";
				LastSwiftUpdateCheck = 0830;
				LastUpgradeCheck = 0830;
				ORGANIZATIONNAME = "Manuel Colmenero Navarro";
				TargetAttributes = {
					261AA5491F0C47E400B97DBB = {
						CreatedOnToolsVersion = 8.3.3;
						ProvisioningStyle = Automatic;
					};
					261AA55D1F0C47E400B97DBB = {
						CreatedOnToolsVersion = 8.3.3;
						LastSwiftMigration = 0830;
						ProvisioningStyle = Automatic;
						TestTargetID = 261AA5491F0C47E400B97DBB;
					};
				};
			};
			buildConfigurationList = 261AA5451F0C47E400B97DBB /* Build configuration list for PBXProject "Westeros" */;
			compatibilityVersion = "Xcode 3.2";
			developmentRegion = English;
			hasScannedForEncodings = 0;
			knownRegions = (
				en,
				Base,
			);
			mainGroup = 261AA5411F0C47E400B97DBB;
			productRefGroup = 261AA54B1F0C47E400B97DBB /* Products */;
			projectDirPath = "";
			projectRoot = "";
			targets = (
				261AA5491F0C47E400B97DBB /* Westeros */,
				261AA55D1F0C47E400B97DBB /* WesterosTests */,
			);
		};
/* End PBXProject section */

/* Begin PBXResourcesBuildPhase section */
		261AA5481F0C47E400B97DBB /* Resources */ = {
			isa = PBXResourcesBuildPhase;
			buildActionMask = 2147483647;
			files = (
				26DE6DE61F1D4A2300A10897 /* WikiViewController.xib in Resources */,
				262E73321F0EC87700262208 /* lannister.jpg in Resources */,
				2676AAB61F10D6AD00AEAB18 /* mormotSigil.png in Resources */,
				268AB0E91F1E730E0017F1A2 /* MinorHousesViewController.xib in Resources */,
				262E73311F0EC87700262208 /* codeIsComing.png in Resources */,
				26DE6DEE1F1D666F00A10897 /* HousesViewController.xib in Resources */,
				261AA5581F0C47E400B97DBB /* LaunchScreen.storyboard in Resources */,
				261AA5551F0C47E400B97DBB /* Assets.xcassets in Resources */,
				26832F5B1F14128F00CB7CEF /* HouseViewController.xib in Resources */,
				268AB0E51F1E70490017F1A2 /* MembersViewController.xib in Resources */,
				268F39B01F17DE1000F50F66 /* tyrellSigil.png in Resources */,
				268F39B11F17DE1000F50F66 /* targaryenSigil.png in Resources */,
				268F39AB1F17DD8F00F50F66 /* greyjoySigil.png in Resources */,
			);
			runOnlyForDeploymentPostprocessing = 0;
		};
		261AA55C1F0C47E400B97DBB /* Resources */ = {
			isa = PBXResourcesBuildPhase;
			buildActionMask = 2147483647;
			files = (
			);
			runOnlyForDeploymentPostprocessing = 0;
		};
/* End PBXResourcesBuildPhase section */

/* Begin PBXSourcesBuildPhase section */
		261AA5461F0C47E400B97DBB /* Sources */ = {
			isa = PBXSourcesBuildPhase;
			buildActionMask = 2147483647;
			files = (
				26A404FC1F1EAB7400BEE379 /* DataSources.swift in Sources */,
				26A405021F1EB12000BEE379 /* Delegates.swift in Sources */,
				262E73371F0ECD5600262208 /* Person.swift in Sources */,
				268AB0E41F1E70490017F1A2 /* MembersViewController.swift in Sources */,
				262E732D1F0EC23900262208 /* House.swift in Sources */,
				26A404F81F1EA99700BEE379 /* ArrayTableViewController.swift in Sources */,
				268AB0E81F1E730E0017F1A2 /* MinorHousesViewController.swift in Sources */,
				26A404FE1F1EB02200BEE379 /* ArrayTableViewDelegate.swift in Sources */,
				261AA54E1F0C47E400B97DBB /* AppDelegate.swift in Sources */,
				26A404F41F1E99E200BEE379 /* ArrayDataSource.swift in Sources */,
				26DE6DED1F1D666F00A10897 /* HousesViewController.swift in Sources */,
				26832F5A1F14128F00CB7CEF /* HouseViewController.swift in Sources */,
				266676851F155DA500AC615B /* UIKitExtensions.swift in Sources */,
				268F39AD1F17DDB100F50F66 /* Repository.swift in Sources */,
				26DE6DE51F1D4A2300A10897 /* WikiViewController.swift in Sources */,
			);
			runOnlyForDeploymentPostprocessing = 0;
		};
		261AA55A1F0C47E400B97DBB /* Sources */ = {
			isa = PBXSourcesBuildPhase;
			buildActionMask = 2147483647;
			files = (
				262E732B1F0EC0F900262208 /* HouseTest.swift in Sources */,
				262E73351F0ECAB200262208 /* PersonTest.swift in Sources */,
				26A404F61F1E9EE200BEE379 /* ArrayDataSourceTest.swift in Sources */,
				266676871F15608600AC615B /* RepositoryTest.swift in Sources */,
			);
			runOnlyForDeploymentPostprocessing = 0;
		};
/* End PBXSourcesBuildPhase section */

/* Begin PBXTargetDependency section */
		261AA5601F0C47E400B97DBB /* PBXTargetDependency */ = {
			isa = PBXTargetDependency;
			target = 261AA5491F0C47E400B97DBB /* Westeros */;
			targetProxy = 261AA55F1F0C47E400B97DBB /* PBXContainerItemProxy */;
		};
/* End PBXTargetDependency section */

/* Begin PBXVariantGroup section */
		261AA5561F0C47E400B97DBB /* LaunchScreen.storyboard */ = {
			isa = PBXVariantGroup;
			children = (
				261AA5571F0C47E400B97DBB /* Base */,
			);
			name = LaunchScreen.storyboard;
			sourceTree = "<group>";
		};
/* End PBXVariantGroup section */

/* Begin XCBuildConfiguration section */
		261AA5651F0C47E400B97DBB /* Debug */ = {
			isa = XCBuildConfiguration;
			buildSettings = {
				ALWAYS_SEARCH_USER_PATHS = NO;
				CLANG_ANALYZER_NONNULL = YES;
				CLANG_ANALYZER_NUMBER_OBJECT_CONVERSION = YES_AGGRESSIVE;
				CLANG_CXX_LANGUAGE_STANDARD = "gnu++0x";
				CLANG_CXX_LIBRARY = "libc++";
				CLANG_ENABLE_MODULES = YES;
				CLANG_ENABLE_OBJC_ARC = YES;
				CLANG_WARN_BOOL_CONVERSION = YES;
				CLANG_WARN_CONSTANT_CONVERSION = YES;
				CLANG_WARN_DIRECT_OBJC_ISA_USAGE = YES_ERROR;
				CLANG_WARN_DOCUMENTATION_COMMENTS = YES;
				CLANG_WARN_EMPTY_BODY = YES;
				CLANG_WARN_ENUM_CONVERSION = YES;
				CLANG_WARN_INFINITE_RECURSION = YES;
				CLANG_WARN_INT_CONVERSION = YES;
				CLANG_WARN_OBJC_ROOT_CLASS = YES_ERROR;
				CLANG_WARN_SUSPICIOUS_MOVE = YES;
				CLANG_WARN_UNREACHABLE_CODE = YES;
				CLANG_WARN__DUPLICATE_METHOD_MATCH = YES;
				"CODE_SIGN_IDENTITY[sdk=iphoneos*]" = "iPhone Developer";
				COPY_PHASE_STRIP = NO;
				DEBUG_INFORMATION_FORMAT = dwarf;
				ENABLE_STRICT_OBJC_MSGSEND = YES;
				ENABLE_TESTABILITY = YES;
				GCC_C_LANGUAGE_STANDARD = gnu99;
				GCC_DYNAMIC_NO_PIC = NO;
				GCC_NO_COMMON_BLOCKS = YES;
				GCC_OPTIMIZATION_LEVEL = 0;
				GCC_PREPROCESSOR_DEFINITIONS = (
					"DEBUG=1",
					"$(inherited)",
				);
				GCC_WARN_64_TO_32_BIT_CONVERSION = YES;
				GCC_WARN_ABOUT_RETURN_TYPE = YES_ERROR;
				GCC_WARN_UNDECLARED_SELECTOR = YES;
				GCC_WARN_UNINITIALIZED_AUTOS = YES_AGGRESSIVE;
				GCC_WARN_UNUSED_FUNCTION = YES;
				GCC_WARN_UNUSED_VARIABLE = YES;
				IPHONEOS_DEPLOYMENT_TARGET = 10.3;
				MTL_ENABLE_DEBUG_INFO = YES;
				ONLY_ACTIVE_ARCH = YES;
				SDKROOT = iphoneos;
				SWIFT_ACTIVE_COMPILATION_CONDITIONS = DEBUG;
				SWIFT_OPTIMIZATION_LEVEL = "-Onone";
				TARGETED_DEVICE_FAMILY = "1,2";
			};
			name = Debug;
		};
		261AA5661F0C47E400B97DBB /* Release */ = {
			isa = XCBuildConfiguration;
			buildSettings = {
				ALWAYS_SEARCH_USER_PATHS = NO;
				CLANG_ANALYZER_NONNULL = YES;
				CLANG_ANALYZER_NUMBER_OBJECT_CONVERSION = YES_AGGRESSIVE;
				CLANG_CXX_LANGUAGE_STANDARD = "gnu++0x";
				CLANG_CXX_LIBRARY = "libc++";
				CLANG_ENABLE_MODULES = YES;
				CLANG_ENABLE_OBJC_ARC = YES;
				CLANG_WARN_BOOL_CONVERSION = YES;
				CLANG_WARN_CONSTANT_CONVERSION = YES;
				CLANG_WARN_DIRECT_OBJC_ISA_USAGE = YES_ERROR;
				CLANG_WARN_DOCUMENTATION_COMMENTS = YES;
				CLANG_WARN_EMPTY_BODY = YES;
				CLANG_WARN_ENUM_CONVERSION = YES;
				CLANG_WARN_INFINITE_RECURSION = YES;
				CLANG_WARN_INT_CONVERSION = YES;
				CLANG_WARN_OBJC_ROOT_CLASS = YES_ERROR;
				CLANG_WARN_SUSPICIOUS_MOVE = YES;
				CLANG_WARN_UNREACHABLE_CODE = YES;
				CLANG_WARN__DUPLICATE_METHOD_MATCH = YES;
				"CODE_SIGN_IDENTITY[sdk=iphoneos*]" = "iPhone Developer";
				COPY_PHASE_STRIP = NO;
				DEBUG_INFORMATION_FORMAT = "dwarf-with-dsym";
				ENABLE_NS_ASSERTIONS = NO;
				ENABLE_STRICT_OBJC_MSGSEND = YES;
				GCC_C_LANGUAGE_STANDARD = gnu99;
				GCC_NO_COMMON_BLOCKS = YES;
				GCC_WARN_64_TO_32_BIT_CONVERSION = YES;
				GCC_WARN_ABOUT_RETURN_TYPE = YES_ERROR;
				GCC_WARN_UNDECLARED_SELECTOR = YES;
				GCC_WARN_UNINITIALIZED_AUTOS = YES_AGGRESSIVE;
				GCC_WARN_UNUSED_FUNCTION = YES;
				GCC_WARN_UNUSED_VARIABLE = YES;
				IPHONEOS_DEPLOYMENT_TARGET = 10.3;
				MTL_ENABLE_DEBUG_INFO = NO;
				SDKROOT = iphoneos;
				SWIFT_OPTIMIZATION_LEVEL = "-Owholemodule";
				TARGETED_DEVICE_FAMILY = "1,2";
				VALIDATE_PRODUCT = YES;
			};
			name = Release;
		};
		261AA5681F0C47E400B97DBB /* Debug */ = {
			isa = XCBuildConfiguration;
			buildSettings = {
				ASSETCATALOG_COMPILER_APPICON_NAME = AppIcon;
				"CODE_SIGN_IDENTITY[sdk=iphoneos*]" = "iPhone Developer";
				DEVELOPMENT_TEAM = "";
				INFOPLIST_FILE = Westeros/Info.plist;
				LD_RUNPATH_SEARCH_PATHS = "$(inherited) @executable_path/Frameworks";
				PRODUCT_BUNDLE_IDENTIFIER = mclasha.Westeros;
				PRODUCT_NAME = "$(TARGET_NAME)";
				PROVISIONING_PROFILE_SPECIFIER = "";
				SWIFT_VERSION = 3.0;
			};
			name = Debug;
		};
		261AA5691F0C47E400B97DBB /* Release */ = {
			isa = XCBuildConfiguration;
			buildSettings = {
				ASSETCATALOG_COMPILER_APPICON_NAME = AppIcon;
				"CODE_SIGN_IDENTITY[sdk=iphoneos*]" = "iPhone Developer";
				DEVELOPMENT_TEAM = "";
				INFOPLIST_FILE = Westeros/Info.plist;
				LD_RUNPATH_SEARCH_PATHS = "$(inherited) @executable_path/Frameworks";
				PRODUCT_BUNDLE_IDENTIFIER = mclasha.Westeros;
				PRODUCT_NAME = "$(TARGET_NAME)";
				PROVISIONING_PROFILE_SPECIFIER = "";
				SWIFT_VERSION = 3.0;
			};
			name = Release;
		};
		261AA56B1F0C47E400B97DBB /* Debug */ = {
			isa = XCBuildConfiguration;
			buildSettings = {
				ALWAYS_EMBED_SWIFT_STANDARD_LIBRARIES = YES;
				BUNDLE_LOADER = "$(TEST_HOST)";
				CLANG_ENABLE_MODULES = YES;
				INFOPLIST_FILE = WesterosTests/Info.plist;
				LD_RUNPATH_SEARCH_PATHS = "$(inherited) @executable_path/Frameworks @loader_path/Frameworks";
				PRODUCT_BUNDLE_IDENTIFIER = mclasha.WesterosTests;
				PRODUCT_NAME = "$(TARGET_NAME)";
				SWIFT_OPTIMIZATION_LEVEL = "-Onone";
				SWIFT_VERSION = 3.0;
				TEST_HOST = "$(BUILT_PRODUCTS_DIR)/Westeros.app/Westeros";
			};
			name = Debug;
		};
		261AA56C1F0C47E400B97DBB /* Release */ = {
			isa = XCBuildConfiguration;
			buildSettings = {
				ALWAYS_EMBED_SWIFT_STANDARD_LIBRARIES = YES;
				BUNDLE_LOADER = "$(TEST_HOST)";
				CLANG_ENABLE_MODULES = YES;
				INFOPLIST_FILE = WesterosTests/Info.plist;
				LD_RUNPATH_SEARCH_PATHS = "$(inherited) @executable_path/Frameworks @loader_path/Frameworks";
				PRODUCT_BUNDLE_IDENTIFIER = mclasha.WesterosTests;
				PRODUCT_NAME = "$(TARGET_NAME)";
				SWIFT_VERSION = 3.0;
				TEST_HOST = "$(BUILT_PRODUCTS_DIR)/Westeros.app/Westeros";
			};
			name = Release;
		};
/* End XCBuildConfiguration section */

/* Begin XCConfigurationList section */
		261AA5451F0C47E400B97DBB /* Build configuration list for PBXProject "Westeros" */ = {
			isa = XCConfigurationList;
			buildConfigurations = (
				261AA5651F0C47E400B97DBB /* Debug */,
				261AA5661F0C47E400B97DBB /* Release */,
			);
			defaultConfigurationIsVisible = 0;
			defaultConfigurationName = Release;
		};
		261AA5671F0C47E400B97DBB /* Build configuration list for PBXNativeTarget "Westeros" */ = {
			isa = XCConfigurationList;
			buildConfigurations = (
				261AA5681F0C47E400B97DBB /* Debug */,
				261AA5691F0C47E400B97DBB /* Release */,
			);
			defaultConfigurationIsVisible = 0;
			defaultConfigurationName = Release;
		};
		261AA56A1F0C47E400B97DBB /* Build configuration list for PBXNativeTarget "WesterosTests" */ = {
			isa = XCConfigurationList;
			buildConfigurations = (
				261AA56B1F0C47E400B97DBB /* Debug */,
				261AA56C1F0C47E400B97DBB /* Release */,
			);
			defaultConfigurationIsVisible = 0;
			defaultConfigurationName = Release;
		};
/* End XCConfigurationList section */
	};
	rootObject = 261AA5421F0C47E400B97DBB /* Project object */;
}
